
Microsoft Visual Studio Solution File, Format Version 12.00
# Visual Studio Version 16
VisualStudioVersion = 16.0.29230.47
MinimumVisualStudioVersion = 10.0.40219.1
Project("{8BC9CEB8-8B4A-11D0-8D11-00A0C91BC942}") = "lab3Cp4-1to2", "lab3Cp4-1\lab3Cp4-1.vcxproj", "{ABC3EE42-D574-4D87-AD58-10F0298B9AD6}"
EndProject
Project("{8BC9CEB8-8B4A-11D0-8D11-00A0C91BC942}") = "lab3Cp4-3", "lab3Cp4-3\lab3Cp4-3.vcxproj", "{1D6713C2-C18C-4EEF-A078-3611BF2A429D}"
EndProject
Project("{8BC9CEB8-8B4A-11D0-8D11-00A0C91BC942}") = "lab3Cp4-4", "lab3Cp4-4\lab3Cp4-4.vcxproj", "{7116B6A9-6FFB-4F22-BD34-87A9B83FE9A5}"
EndProject
Project("{8BC9CEB8-8B4A-11D0-8D11-00A0C91BC942}") = "lab3Cp4-5", "lab3Cp4-5\lab3Cp4-5.vcxproj", "{7C95FF8F-A269-48F7-9901-F7626B30C1DC}"
EndProject
Project("{8BC9CEB8-8B4A-11D0-8D11-00A0C91BC942}") = "lab3Cp4-6", "lab3Cp4-6\lab3Cp4-6.vcxproj", "{8F0CD53C-F580-42EF-9B5A-5BA3EB858C8B}"
EndProject
Project("{8BC9CEB8-8B4A-11D0-8D11-00A0C91BC942}") = "lab3Cp4-7", "lab3Cp4-7\lab3Cp4-7.vcxproj", "{AB8433D8-5441-455B-9EEB-E29814A03BCF}"
EndProject
Project("{8BC9CEB8-8B4A-11D0-8D11-00A0C91BC942}") = "lab3Cp4-8", "lab3Cp4-8\lab3Cp4-8.vcxproj", "{BB422668-6A40-43A4-94F4-A6C759179A4B}"
EndProject
Project("{8BC9CEB8-8B4A-11D0-8D11-00A0C91BC942}") = "lab3Cp4-9", "lab3Cp4-9\lab3Cp4-9.vcxproj", "{20C47EEB-3DE4-4A2C-AE26-0AF594B33427}"
EndProject
Project("{8BC9CEB8-8B4A-11D0-8D11-00A0C91BC942}") = "lab3Cp4-z10to12", "lab3Cp4-10\lab3Cp4-10.vcxproj", "{65BF39E5-ADC5-44D5-AE1F-393DA3873F06}"
EndProject
Project("{8BC9CEB8-8B4A-11D0-8D11-00A0C91BC942}") = "lab3Cp4-z13", "lab3Cp4-z13\lab3Cp4-z13.vcxproj", "{D01E133C-992B-42D2-BCB3-85BCC1F000AB}"
EndProject
Project("{8BC9CEB8-8B4A-11D0-8D11-00A0C91BC942}") = "lab3Cp4-z14", "lab3Cp4-z14\lab3Cp4-z14.vcxproj", "{5E1B09E0-9E2A-46DE-ADFF-76C381437661}"
EndProject
Project("{8BC9CEB8-8B4A-11D0-8D11-00A0C91BC942}") = "lab3Cp4-z15", "lab3cp4-z15\lab3cp4-z15.vcxproj", "{58317794-6EFB-458A-B02A-F83E60040DD1}"
EndProject
Project("{8BC9CEB8-8B4A-11D0-8D11-00A0C91BC942}") = "lab3Cp4-z16", "lab3Cp4-z16\lab3Cp4-z16.vcxproj", "{50501C2D-C846-46EF-A882-EEBD1B31258D}"
EndProject
Project("{8BC9CEB8-8B4A-11D0-8D11-00A0C91BC942}") = "lab3Cp4-z17", "lab3Cp4-z17\lab3Cp4-z17.vcxproj", "{A7C81AA7-2829-4F37-885D-2823BA028337}"
EndProject
Project("{8BC9CEB8-8B4A-11D0-8D11-00A0C91BC942}") = "lab3Cp4-z18", "lab3Cp4-z18\lab3Cp4-z18.vcxproj", "{E2F6BA0C-A659-4863-B911-AD66F97F5BF4}"
EndProject
Project("{8BC9CEB8-8B4A-11D0-8D11-00A0C91BC942}") = "lab3Cp4-z19", "lab3Cp4-z19\lab3Cp4-z19.vcxproj", "{65C2AE3B-9235-440A-BA72-0AC3CE0520AB}"
EndProject
Project("{8BC9CEB8-8B4A-11D0-8D11-00A0C91BC942}") = "lab3Cp4-z20", "lab3Cp4-z20\lab3Cp4-z20.vcxproj", "{96E32681-513F-4B26-AEBE-22E5F6EA2E2F}"
EndProject
Project("{8BC9CEB8-8B4A-11D0-8D11-00A0C91BC942}") = "lab3Cp4-z21", "lab3Cp4-z21\lab3Cp4-z21.vcxproj", "{1FF4D274-D872-4A9D-87E8-D6DE64BA597F}"
EndProject
Global
	GlobalSection(SolutionConfigurationPlatforms) = preSolution
		Debug|x64 = Debug|x64
		Debug|x86 = Debug|x86
		Release|x64 = Release|x64
		Release|x86 = Release|x86
	EndGlobalSection
	GlobalSection(ProjectConfigurationPlatforms) = postSolution
		{ABC3EE42-D574-4D87-AD58-10F0298B9AD6}.Debug|x64.ActiveCfg = Debug|x64
		{ABC3EE42-D574-4D87-AD58-10F0298B9AD6}.Debug|x64.Build.0 = Debug|x64
		{ABC3EE42-D574-4D87-AD58-10F0298B9AD6}.Debug|x86.ActiveCfg = Debug|Win32
		{ABC3EE42-D574-4D87-AD58-10F0298B9AD6}.Debug|x86.Build.0 = Debug|Win32
		{ABC3EE42-D574-4D87-AD58-10F0298B9AD6}.Release|x64.ActiveCfg = Release|x64
		{ABC3EE42-D574-4D87-AD58-10F0298B9AD6}.Release|x64.Build.0 = Release|x64
		{ABC3EE42-D574-4D87-AD58-10F0298B9AD6}.Release|x86.ActiveCfg = Release|Win32
		{ABC3EE42-D574-4D87-AD58-10F0298B9AD6}.Release|x86.Build.0 = Release|Win32
		{1D6713C2-C18C-4EEF-A078-3611BF2A429D}.Debug|x64.ActiveCfg = Debug|x64
		{1D6713C2-C18C-4EEF-A078-3611BF2A429D}.Debug|x64.Build.0 = Debug|x64
		{1D6713C2-C18C-4EEF-A078-3611BF2A429D}.Debug|x86.ActiveCfg = Debug|Win32
		{1D6713C2-C18C-4EEF-A078-3611BF2A429D}.Debug|x86.Build.0 = Debug|Win32
		{1D6713C2-C18C-4EEF-A078-3611BF2A429D}.Release|x64.ActiveCfg = Release|x64
		{1D6713C2-C18C-4EEF-A078-3611BF2A429D}.Release|x64.Build.0 = Release|x64
		{1D6713C2-C18C-4EEF-A078-3611BF2A429D}.Release|x86.ActiveCfg = Release|Win32
		{1D6713C2-C18C-4EEF-A078-3611BF2A429D}.Release|x86.Build.0 = Release|Win32
		{7116B6A9-6FFB-4F22-BD34-87A9B83FE9A5}.Debug|x64.ActiveCfg = Debug|x64
		{7116B6A9-6FFB-4F22-BD34-87A9B83FE9A5}.Debug|x64.Build.0 = Debug|x64
		{7116B6A9-6FFB-4F22-BD34-87A9B83FE9A5}.Debug|x86.ActiveCfg = Debug|Win32
		{7116B6A9-6FFB-4F22-BD34-87A9B83FE9A5}.Debug|x86.Build.0 = Debug|Win32
		{7116B6A9-6FFB-4F22-BD34-87A9B83FE9A5}.Release|x64.ActiveCfg = Release|x64
		{7116B6A9-6FFB-4F22-BD34-87A9B83FE9A5}.Release|x64.Build.0 = Release|x64
		{7116B6A9-6FFB-4F22-BD34-87A9B83FE9A5}.Release|x86.ActiveCfg = Release|Win32
		{7116B6A9-6FFB-4F22-BD34-87A9B83FE9A5}.Release|x86.Build.0 = Release|Win32
		{7C95FF8F-A269-48F7-9901-F7626B30C1DC}.Debug|x64.ActiveCfg = Debug|x64
		{7C95FF8F-A269-48F7-9901-F7626B30C1DC}.Debug|x64.Build.0 = Debug|x64
		{7C95FF8F-A269-48F7-9901-F7626B30C1DC}.Debug|x86.ActiveCfg = Debug|Win32
		{7C95FF8F-A269-48F7-9901-F7626B30C1DC}.Debug|x86.Build.0 = Debug|Win32
		{7C95FF8F-A269-48F7-9901-F7626B30C1DC}.Release|x64.ActiveCfg = Release|x64
		{7C95FF8F-A269-48F7-9901-F7626B30C1DC}.Release|x64.Build.0 = Release|x64
		{7C95FF8F-A269-48F7-9901-F7626B30C1DC}.Release|x86.ActiveCfg = Release|Win32
		{7C95FF8F-A269-48F7-9901-F7626B30C1DC}.Release|x86.Build.0 = Release|Win32
		{8F0CD53C-F580-42EF-9B5A-5BA3EB858C8B}.Debug|x64.ActiveCfg = Debug|x64
		{8F0CD53C-F580-42EF-9B5A-5BA3EB858C8B}.Debug|x64.Build.0 = Debug|x64
		{8F0CD53C-F580-42EF-9B5A-5BA3EB858C8B}.Debug|x86.ActiveCfg = Debug|Win32
		{8F0CD53C-F580-42EF-9B5A-5BA3EB858C8B}.Debug|x86.Build.0 = Debug|Win32
		{8F0CD53C-F580-42EF-9B5A-5BA3EB858C8B}.Release|x64.ActiveCfg = Release|x64
		{8F0CD53C-F580-42EF-9B5A-5BA3EB858C8B}.Release|x64.Build.0 = Release|x64
		{8F0CD53C-F580-42EF-9B5A-5BA3EB858C8B}.Release|x86.ActiveCfg = Release|Win32
		{8F0CD53C-F580-42EF-9B5A-5BA3EB858C8B}.Release|x86.Build.0 = Release|Win32
		{AB8433D8-5441-455B-9EEB-E29814A03BCF}.Debug|x64.ActiveCfg = Debug|x64
		{AB8433D8-5441-455B-9EEB-E29814A03BCF}.Debug|x64.Build.0 = Debug|x64
		{AB8433D8-5441-455B-9EEB-E29814A03BCF}.Debug|x86.ActiveCfg = Debug|Win32
		{AB8433D8-5441-455B-9EEB-E29814A03BCF}.Debug|x86.Build.0 = Debug|Win32
		{AB8433D8-5441-455B-9EEB-E29814A03BCF}.Release|x64.ActiveCfg = Release|x64
		{AB8433D8-5441-455B-9EEB-E29814A03BCF}.Release|x64.Build.0 = Release|x64
		{AB8433D8-5441-455B-9EEB-E29814A03BCF}.Release|x86.ActiveCfg = Release|Win32
		{AB8433D8-5441-455B-9EEB-E29814A03BCF}.Release|x86.Build.0 = Release|Win32
		{BB422668-6A40-43A4-94F4-A6C759179A4B}.Debug|x64.ActiveCfg = Debug|x64
		{BB422668-6A40-43A4-94F4-A6C759179A4B}.Debug|x64.Build.0 = Debug|x64
		{BB422668-6A40-43A4-94F4-A6C759179A4B}.Debug|x86.ActiveCfg = Debug|Win32
		{BB422668-6A40-43A4-94F4-A6C759179A4B}.Debug|x86.Build.0 = Debug|Win32
		{BB422668-6A40-43A4-94F4-A6C759179A4B}.Release|x64.ActiveCfg = Release|x64
		{BB422668-6A40-43A4-94F4-A6C759179A4B}.Release|x64.Build.0 = Release|x64
		{BB422668-6A40-43A4-94F4-A6C759179A4B}.Release|x86.ActiveCfg = Release|Win32
		{BB422668-6A40-43A4-94F4-A6C759179A4B}.Release|x86.Build.0 = Release|Win32
		{20C47EEB-3DE4-4A2C-AE26-0AF594B33427}.Debug|x64.ActiveCfg = Debug|x64
		{20C47EEB-3DE4-4A2C-AE26-0AF594B33427}.Debug|x64.Build.0 = Debug|x64
		{20C47EEB-3DE4-4A2C-AE26-0AF594B33427}.Debug|x86.ActiveCfg = Debug|Win32
		{20C47EEB-3DE4-4A2C-AE26-0AF594B33427}.Debug|x86.Build.0 = Debug|Win32
		{20C47EEB-3DE4-4A2C-AE26-0AF594B33427}.Release|x64.ActiveCfg = Release|x64
		{20C47EEB-3DE4-4A2C-AE26-0AF594B33427}.Release|x64.Build.0 = Release|x64
		{20C47EEB-3DE4-4A2C-AE26-0AF594B33427}.Release|x86.ActiveCfg = Release|Win32
		{20C47EEB-3DE4-4A2C-AE26-0AF594B33427}.Release|x86.Build.0 = Release|Win32
		{65BF39E5-ADC5-44D5-AE1F-393DA3873F06}.Debug|x64.ActiveCfg = Debug|x64
		{65BF39E5-ADC5-44D5-AE1F-393DA3873F06}.Debug|x64.Build.0 = Debug|x64
		{65BF39E5-ADC5-44D5-AE1F-393DA3873F06}.Debug|x86.ActiveCfg = Debug|Win32
		{65BF39E5-ADC5-44D5-AE1F-393DA3873F06}.Debug|x86.Build.0 = Debug|Win32
		{65BF39E5-ADC5-44D5-AE1F-393DA3873F06}.Release|x64.ActiveCfg = Release|x64
		{65BF39E5-ADC5-44D5-AE1F-393DA3873F06}.Release|x64.Build.0 = Release|x64
		{65BF39E5-ADC5-44D5-AE1F-393DA3873F06}.Release|x86.ActiveCfg = Release|Win32
		{65BF39E5-ADC5-44D5-AE1F-393DA3873F06}.Release|x86.Build.0 = Release|Win32
		{D01E133C-992B-42D2-BCB3-85BCC1F000AB}.Debug|x64.ActiveCfg = Debug|x64
		{D01E133C-992B-42D2-BCB3-85BCC1F000AB}.Debug|x64.Build.0 = Debug|x64
		{D01E133C-992B-42D2-BCB3-85BCC1F000AB}.Debug|x86.ActiveCfg = Debug|Win32
		{D01E133C-992B-42D2-BCB3-85BCC1F000AB}.Debug|x86.Build.0 = Debug|Win32
		{D01E133C-992B-42D2-BCB3-85BCC1F000AB}.Release|x64.ActiveCfg = Release|x64
		{D01E133C-992B-42D2-BCB3-85BCC1F000AB}.Release|x64.Build.0 = Release|x64
		{D01E133C-992B-42D2-BCB3-85BCC1F000AB}.Release|x86.ActiveCfg = Release|Win32
		{D01E133C-992B-42D2-BCB3-85BCC1F000AB}.Release|x86.Build.0 = Release|Win32
		{5E1B09E0-9E2A-46DE-ADFF-76C381437661}.Debug|x64.ActiveCfg = Debug|x64
		{5E1B09E0-9E2A-46DE-ADFF-76C381437661}.Debug|x64.Build.0 = Debug|x64
		{5E1B09E0-9E2A-46DE-ADFF-76C381437661}.Debug|x86.ActiveCfg = Debug|Win32
		{5E1B09E0-9E2A-46DE-ADFF-76C381437661}.Debug|x86.Build.0 = Debug|Win32
		{5E1B09E0-9E2A-46DE-ADFF-76C381437661}.Release|x64.ActiveCfg = Release|x64
		{5E1B09E0-9E2A-46DE-ADFF-76C381437661}.Release|x64.Build.0 = Release|x64
		{5E1B09E0-9E2A-46DE-ADFF-76C381437661}.Release|x86.ActiveCfg = Release|Win32
		{5E1B09E0-9E2A-46DE-ADFF-76C381437661}.Release|x86.Build.0 = Release|Win32
		{58317794-6EFB-458A-B02A-F83E60040DD1}.Debug|x64.ActiveCfg = Debug|x64
		{58317794-6EFB-458A-B02A-F83E60040DD1}.Debug|x64.Build.0 = Debug|x64
		{58317794-6EFB-458A-B02A-F83E60040DD1}.Debug|x86.ActiveCfg = Debug|Win32
		{58317794-6EFB-458A-B02A-F83E60040DD1}.Debug|x86.Build.0 = Debug|Win32
		{58317794-6EFB-458A-B02A-F83E60040DD1}.Release|x64.ActiveCfg = Release|x64
		{58317794-6EFB-458A-B02A-F83E60040DD1}.Release|x64.Build.0 = Release|x64
		{58317794-6EFB-458A-B02A-F83E60040DD1}.Release|x86.ActiveCfg = Release|Win32
		{58317794-6EFB-458A-B02A-F83E60040DD1}.Release|x86.Build.0 = Release|Win32
		{50501C2D-C846-46EF-A882-EEBD1B31258D}.Debug|x64.ActiveCfg = Debug|x64
		{50501C2D-C846-46EF-A882-EEBD1B31258D}.Debug|x64.Build.0 = Debug|x64
		{50501C2D-C846-46EF-A882-EEBD1B31258D}.Debug|x86.ActiveCfg = Debug|Win32
		{50501C2D-C846-46EF-A882-EEBD1B31258D}.Debug|x86.Build.0 = Debug|Win32
		{50501C2D-C846-46EF-A882-EEBD1B31258D}.Release|x64.ActiveCfg = Release|x64
		{50501C2D-C846-46EF-A882-EEBD1B31258D}.Release|x64.Build.0 = Release|x64
		{50501C2D-C846-46EF-A882-EEBD1B31258D}.Release|x86.ActiveCfg = Release|Win32
		{50501C2D-C846-46EF-A882-EEBD1B31258D}.Release|x86.Build.0 = Release|Win32
		{A7C81AA7-2829-4F37-885D-2823BA028337}.Debug|x64.ActiveCfg = Debug|x64
		{A7C81AA7-2829-4F37-885D-2823BA028337}.Debug|x64.Build.0 = Debug|x64
		{A7C81AA7-2829-4F37-885D-2823BA028337}.Debug|x86.ActiveCfg = Debug|Win32
		{A7C81AA7-2829-4F37-885D-2823BA028337}.Debug|x86.Build.0 = Debug|Win32
		{A7C81AA7-2829-4F37-885D-2823BA028337}.Release|x64.ActiveCfg = Release|x64
		{A7C81AA7-2829-4F37-885D-2823BA028337}.Release|x64.Build.0 = Release|x64
		{A7C81AA7-2829-4F37-885D-2823BA028337}.Release|x86.ActiveCfg = Release|Win32
		{A7C81AA7-2829-4F37-885D-2823BA028337}.Release|x86.Build.0 = Release|Win32
		{E2F6BA0C-A659-4863-B911-AD66F97F5BF4}.Debug|x64.ActiveCfg = Debug|x64
		{E2F6BA0C-A659-4863-B911-AD66F97F5BF4}.Debug|x64.Build.0 = Debug|x64
		{E2F6BA0C-A659-4863-B911-AD66F97F5BF4}.Debug|x86.ActiveCfg = Debug|Win32
		{E2F6BA0C-A659-4863-B911-AD66F97F5BF4}.Debug|x86.Build.0 = Debug|Win32
		{E2F6BA0C-A659-4863-B911-AD66F97F5BF4}.Release|x64.ActiveCfg = Release|x64
		{E2F6BA0C-A659-4863-B911-AD66F97F5BF4}.Release|x64.Build.0 = Release|x64
		{E2F6BA0C-A659-4863-B911-AD66F97F5BF4}.Release|x86.ActiveCfg = Release|Win32
		{E2F6BA0C-A659-4863-B911-AD66F97F5BF4}.Release|x86.Build.0 = Release|Win32
		{65C2AE3B-9235-440A-BA72-0AC3CE0520AB}.Debug|x64.ActiveCfg = Debug|x64
		{65C2AE3B-9235-440A-BA72-0AC3CE0520AB}.Debug|x64.Build.0 = Debug|x64
		{65C2AE3B-9235-440A-BA72-0AC3CE0520AB}.Debug|x86.ActiveCfg = Debug|Win32
		{65C2AE3B-9235-440A-BA72-0AC3CE0520AB}.Debug|x86.Build.0 = Debug|Win32
		{65C2AE3B-9235-440A-BA72-0AC3CE0520AB}.Release|x64.ActiveCfg = Release|x64
		{65C2AE3B-9235-440A-BA72-0AC3CE0520AB}.Release|x64.Build.0 = Release|x64
		{65C2AE3B-9235-440A-BA72-0AC3CE0520AB}.Release|x86.ActiveCfg = Release|Win32
		{65C2AE3B-9235-440A-BA72-0AC3CE0520AB}.Release|x86.Build.0 = Release|Win32
		{96E32681-513F-4B26-AEBE-22E5F6EA2E2F}.Debug|x64.ActiveCfg = Debug|x64
		{96E32681-513F-4B26-AEBE-22E5F6EA2E2F}.Debug|x64.Build.0 = Debug|x64
		{96E32681-513F-4B26-AEBE-22E5F6EA2E2F}.Debug|x86.ActiveCfg = Debug|Win32
		{96E32681-513F-4B26-AEBE-22E5F6EA2E2F}.Debug|x86.Build.0 = Debug|Win32
		{96E32681-513F-4B26-AEBE-22E5F6EA2E2F}.Release|x64.ActiveCfg = Release|x64
		{96E32681-513F-4B26-AEBE-22E5F6EA2E2F}.Release|x64.Build.0 = Release|x64
		{96E32681-513F-4B26-AEBE-22E5F6EA2E2F}.Release|x86.ActiveCfg = Release|Win32
		{96E32681-513F-4B26-AEBE-22E5F6EA2E2F}.Release|x86.Build.0 = Release|Win32
		{1FF4D274-D872-4A9D-87E8-D6DE64BA597F}.Debug|x64.ActiveCfg = Debug|x64
		{1FF4D274-D872-4A9D-87E8-D6DE64BA597F}.Debug|x64.Build.0 = Debug|x64
		{1FF4D274-D872-4A9D-87E8-D6DE64BA597F}.Debug|x86.ActiveCfg = Debug|Win32
		{1FF4D274-D872-4A9D-87E8-D6DE64BA597F}.Debug|x86.Build.0 = Debug|Win32
		{1FF4D274-D872-4A9D-87E8-D6DE64BA597F}.Release|x64.ActiveCfg = Release|x64
		{1FF4D274-D872-4A9D-87E8-D6DE64BA597F}.Release|x64.Build.0 = Release|x64
		{1FF4D274-D872-4A9D-87E8-D6DE64BA597F}.Release|x86.ActiveCfg = Release|Win32
		{1FF4D274-D872-4A9D-87E8-D6DE64BA597F}.Release|x86.Build.0 = Release|Win32
	EndGlobalSection
	GlobalSection(SolutionProperties) = preSolution
		HideSolutionNode = FALSE
	EndGlobalSection
	GlobalSection(ExtensibilityGlobals) = postSolution
		SolutionGuid = {8CA705AA-1B49-4572-ABB3-F178D969D08C}
	EndGlobalSection
EndGlobal
