
Microsoft Visual Studio Solution File, Format Version 12.00
# Visual Studio Version 16
VisualStudioVersion = 16.0.29230.47
MinimumVisualStudioVersion = 10.0.40219.1
Project("{8BC9CEB8-8B4A-11D0-8D11-00A0C91BC942}") = "lab3Cp9-1", "lab3Cp9\lab3Cp9.vcxproj", "{3AA373D1-B369-46CE-8A0C-2C5794068172}"
EndProject
Project("{8BC9CEB8-8B4A-11D0-8D11-00A0C91BC942}") = "lab3Cp9-2", "lab3Cp9-2\lab3Cp9-2.vcxproj", "{35786EC1-F782-40AE-8D10-8BDA271C2D6B}"
EndProject
Project("{8BC9CEB8-8B4A-11D0-8D11-00A0C91BC942}") = "lab3Cp9-3", "lab3Cp9-3\lab3Cp9-3.vcxproj", "{522801D8-BEC1-4D64-AE97-980138094879}"
EndProject
Project("{8BC9CEB8-8B4A-11D0-8D11-00A0C91BC942}") = "lab3Cp9-4", "lab3Cp9-4\lab3Cp9-4.vcxproj", "{4FAD63D3-FFEC-43DE-89D7-8DB3748D799C}"
EndProject
Project("{8BC9CEB8-8B4A-11D0-8D11-00A0C91BC942}") = "lab3Cp9-5", "lab3Cp9-5\lab3Cp9-5.vcxproj", "{AB87D508-25F9-419C-93CE-1323128A8278}"
EndProject
Project("{8BC9CEB8-8B4A-11D0-8D11-00A0C91BC942}") = "lab3Cp9-6", "lab3Cp9-6\lab3Cp9-6.vcxproj", "{B881518E-8F79-4CBB-88C9-B447D6E71E8E}"
EndProject
Project("{8BC9CEB8-8B4A-11D0-8D11-00A0C91BC942}") = "lab3Cp9-7", "lab3Cp9-7\lab3Cp9-7.vcxproj", "{FB0ECCDB-3EE0-422D-B63E-024F1369927D}"
EndProject
Project("{8BC9CEB8-8B4A-11D0-8D11-00A0C91BC942}") = "lab3Cp9-8", "lab3Cp9-8\lab3Cp9-8.vcxproj", "{F80BACEE-2FFB-47F3-90F0-CAE47590B4E8}"
EndProject
Project("{8BC9CEB8-8B4A-11D0-8D11-00A0C91BC942}") = "lab3Cp9-9", "lab3Cp9-9\lab3Cp9-9.vcxproj", "{D9B08834-C935-48A2-8414-164121651C86}"
EndProject
Project("{8BC9CEB8-8B4A-11D0-8D11-00A0C91BC942}") = "lab3Cp9-z10", "lab3Cp9-z10\lab3Cp9-z10.vcxproj", "{8B15AE5C-C754-42A0-9082-D56ED652D45A}"
EndProject
Global
	GlobalSection(SolutionConfigurationPlatforms) = preSolution
		Debug|x64 = Debug|x64
		Debug|x86 = Debug|x86
		Release|x64 = Release|x64
		Release|x86 = Release|x86
	EndGlobalSection
	GlobalSection(ProjectConfigurationPlatforms) = postSolution
		{3AA373D1-B369-46CE-8A0C-2C5794068172}.Debug|x64.ActiveCfg = Debug|x64
		{3AA373D1-B369-46CE-8A0C-2C5794068172}.Debug|x64.Build.0 = Debug|x64
		{3AA373D1-B369-46CE-8A0C-2C5794068172}.Debug|x86.ActiveCfg = Debug|Win32
		{3AA373D1-B369-46CE-8A0C-2C5794068172}.Debug|x86.Build.0 = Debug|Win32
		{3AA373D1-B369-46CE-8A0C-2C5794068172}.Release|x64.ActiveCfg = Release|x64
		{3AA373D1-B369-46CE-8A0C-2C5794068172}.Release|x64.Build.0 = Release|x64
		{3AA373D1-B369-46CE-8A0C-2C5794068172}.Release|x86.ActiveCfg = Release|Win32
		{3AA373D1-B369-46CE-8A0C-2C5794068172}.Release|x86.Build.0 = Release|Win32
		{35786EC1-F782-40AE-8D10-8BDA271C2D6B}.Debug|x64.ActiveCfg = Debug|x64
		{35786EC1-F782-40AE-8D10-8BDA271C2D6B}.Debug|x64.Build.0 = Debug|x64
		{35786EC1-F782-40AE-8D10-8BDA271C2D6B}.Debug|x86.ActiveCfg = Debug|Win32
		{35786EC1-F782-40AE-8D10-8BDA271C2D6B}.Debug|x86.Build.0 = Debug|Win32
		{35786EC1-F782-40AE-8D10-8BDA271C2D6B}.Release|x64.ActiveCfg = Release|x64
		{35786EC1-F782-40AE-8D10-8BDA271C2D6B}.Release|x64.Build.0 = Release|x64
		{35786EC1-F782-40AE-8D10-8BDA271C2D6B}.Release|x86.ActiveCfg = Release|Win32
		{35786EC1-F782-40AE-8D10-8BDA271C2D6B}.Release|x86.Build.0 = Release|Win32
		{522801D8-BEC1-4D64-AE97-980138094879}.Debug|x64.ActiveCfg = Debug|x64
		{522801D8-BEC1-4D64-AE97-980138094879}.Debug|x64.Build.0 = Debug|x64
		{522801D8-BEC1-4D64-AE97-980138094879}.Debug|x86.ActiveCfg = Debug|Win32
		{522801D8-BEC1-4D64-AE97-980138094879}.Debug|x86.Build.0 = Debug|Win32
		{522801D8-BEC1-4D64-AE97-980138094879}.Release|x64.ActiveCfg = Release|x64
		{522801D8-BEC1-4D64-AE97-980138094879}.Release|x64.Build.0 = Release|x64
		{522801D8-BEC1-4D64-AE97-980138094879}.Release|x86.ActiveCfg = Release|Win32
		{522801D8-BEC1-4D64-AE97-980138094879}.Release|x86.Build.0 = Release|Win32
		{4FAD63D3-FFEC-43DE-89D7-8DB3748D799C}.Debug|x64.ActiveCfg = Debug|x64
		{4FAD63D3-FFEC-43DE-89D7-8DB3748D799C}.Debug|x64.Build.0 = Debug|x64
		{4FAD63D3-FFEC-43DE-89D7-8DB3748D799C}.Debug|x86.ActiveCfg = Debug|Win32
		{4FAD63D3-FFEC-43DE-89D7-8DB3748D799C}.Debug|x86.Build.0 = Debug|Win32
		{4FAD63D3-FFEC-43DE-89D7-8DB3748D799C}.Release|x64.ActiveCfg = Release|x64
		{4FAD63D3-FFEC-43DE-89D7-8DB3748D799C}.Release|x64.Build.0 = Release|x64
		{4FAD63D3-FFEC-43DE-89D7-8DB3748D799C}.Release|x86.ActiveCfg = Release|Win32
		{4FAD63D3-FFEC-43DE-89D7-8DB3748D799C}.Release|x86.Build.0 = Release|Win32
		{AB87D508-25F9-419C-93CE-1323128A8278}.Debug|x64.ActiveCfg = Debug|x64
		{AB87D508-25F9-419C-93CE-1323128A8278}.Debug|x64.Build.0 = Debug|x64
		{AB87D508-25F9-419C-93CE-1323128A8278}.Debug|x86.ActiveCfg = Debug|Win32
		{AB87D508-25F9-419C-93CE-1323128A8278}.Debug|x86.Build.0 = Debug|Win32
		{AB87D508-25F9-419C-93CE-1323128A8278}.Release|x64.ActiveCfg = Release|x64
		{AB87D508-25F9-419C-93CE-1323128A8278}.Release|x64.Build.0 = Release|x64
		{AB87D508-25F9-419C-93CE-1323128A8278}.Release|x86.ActiveCfg = Release|Win32
		{AB87D508-25F9-419C-93CE-1323128A8278}.Release|x86.Build.0 = Release|Win32
		{B881518E-8F79-4CBB-88C9-B447D6E71E8E}.Debug|x64.ActiveCfg = Debug|x64
		{B881518E-8F79-4CBB-88C9-B447D6E71E8E}.Debug|x64.Build.0 = Debug|x64
		{B881518E-8F79-4CBB-88C9-B447D6E71E8E}.Debug|x86.ActiveCfg = Debug|Win32
		{B881518E-8F79-4CBB-88C9-B447D6E71E8E}.Debug|x86.Build.0 = Debug|Win32
		{B881518E-8F79-4CBB-88C9-B447D6E71E8E}.Release|x64.ActiveCfg = Release|x64
		{B881518E-8F79-4CBB-88C9-B447D6E71E8E}.Release|x64.Build.0 = Release|x64
		{B881518E-8F79-4CBB-88C9-B447D6E71E8E}.Release|x86.ActiveCfg = Release|Win32
		{B881518E-8F79-4CBB-88C9-B447D6E71E8E}.Release|x86.Build.0 = Release|Win32
		{FB0ECCDB-3EE0-422D-B63E-024F1369927D}.Debug|x64.ActiveCfg = Debug|x64
		{FB0ECCDB-3EE0-422D-B63E-024F1369927D}.Debug|x64.Build.0 = Debug|x64
		{FB0ECCDB-3EE0-422D-B63E-024F1369927D}.Debug|x86.ActiveCfg = Debug|Win32
		{FB0ECCDB-3EE0-422D-B63E-024F1369927D}.Debug|x86.Build.0 = Debug|Win32
		{FB0ECCDB-3EE0-422D-B63E-024F1369927D}.Release|x64.ActiveCfg = Release|x64
		{FB0ECCDB-3EE0-422D-B63E-024F1369927D}.Release|x64.Build.0 = Release|x64
		{FB0ECCDB-3EE0-422D-B63E-024F1369927D}.Release|x86.ActiveCfg = Release|Win32
		{FB0ECCDB-3EE0-422D-B63E-024F1369927D}.Release|x86.Build.0 = Release|Win32
		{F80BACEE-2FFB-47F3-90F0-CAE47590B4E8}.Debug|x64.ActiveCfg = Debug|x64
		{F80BACEE-2FFB-47F3-90F0-CAE47590B4E8}.Debug|x64.Build.0 = Debug|x64
		{F80BACEE-2FFB-47F3-90F0-CAE47590B4E8}.Debug|x86.ActiveCfg = Debug|Win32
		{F80BACEE-2FFB-47F3-90F0-CAE47590B4E8}.Debug|x86.Build.0 = Debug|Win32
		{F80BACEE-2FFB-47F3-90F0-CAE47590B4E8}.Release|x64.ActiveCfg = Release|x64
		{F80BACEE-2FFB-47F3-90F0-CAE47590B4E8}.Release|x64.Build.0 = Release|x64
		{F80BACEE-2FFB-47F3-90F0-CAE47590B4E8}.Release|x86.ActiveCfg = Release|Win32
		{F80BACEE-2FFB-47F3-90F0-CAE47590B4E8}.Release|x86.Build.0 = Release|Win32
		{D9B08834-C935-48A2-8414-164121651C86}.Debug|x64.ActiveCfg = Debug|x64
		{D9B08834-C935-48A2-8414-164121651C86}.Debug|x64.Build.0 = Debug|x64
		{D9B08834-C935-48A2-8414-164121651C86}.Debug|x86.ActiveCfg = Debug|Win32
		{D9B08834-C935-48A2-8414-164121651C86}.Debug|x86.Build.0 = Debug|Win32
		{D9B08834-C935-48A2-8414-164121651C86}.Release|x64.ActiveCfg = Release|x64
		{D9B08834-C935-48A2-8414-164121651C86}.Release|x64.Build.0 = Release|x64
		{D9B08834-C935-48A2-8414-164121651C86}.Release|x86.ActiveCfg = Release|Win32
		{D9B08834-C935-48A2-8414-164121651C86}.Release|x86.Build.0 = Release|Win32
		{8B15AE5C-C754-42A0-9082-D56ED652D45A}.Debug|x64.ActiveCfg = Debug|x64
		{8B15AE5C-C754-42A0-9082-D56ED652D45A}.Debug|x64.Build.0 = Debug|x64
		{8B15AE5C-C754-42A0-9082-D56ED652D45A}.Debug|x86.ActiveCfg = Debug|Win32
		{8B15AE5C-C754-42A0-9082-D56ED652D45A}.Debug|x86.Build.0 = Debug|Win32
		{8B15AE5C-C754-42A0-9082-D56ED652D45A}.Release|x64.ActiveCfg = Release|x64
		{8B15AE5C-C754-42A0-9082-D56ED652D45A}.Release|x64.Build.0 = Release|x64
		{8B15AE5C-C754-42A0-9082-D56ED652D45A}.Release|x86.ActiveCfg = Release|Win32
		{8B15AE5C-C754-42A0-9082-D56ED652D45A}.Release|x86.Build.0 = Release|Win32
	EndGlobalSection
	GlobalSection(SolutionProperties) = preSolution
		HideSolutionNode = FALSE
	EndGlobalSection
	GlobalSection(ExtensibilityGlobals) = postSolution
		SolutionGuid = {E4CA3360-7553-424B-BC8B-D619C265CA31}
	EndGlobalSection
EndGlobal
