
Microsoft Visual Studio Solution File, Format Version 12.00
# Visual Studio Version 16
VisualStudioVersion = 16.0.29230.47
MinimumVisualStudioVersion = 10.0.40219.1
Project("{8BC9CEB8-8B4A-11D0-8D11-00A0C91BC942}") = "lab3Cp8-1to3", "lab3Cp8\lab3Cp8.vcxproj", "{6850E76D-819D-45B9-B17A-0A0FED87BC95}"
EndProject
Project("{8BC9CEB8-8B4A-11D0-8D11-00A0C91BC942}") = "lab3Cp8-4to6", "lab3Cp-4to6\lab3Cp-4to6.vcxproj", "{6D9EFE8F-C761-48F9-9D8B-0780F79276E4}"
EndProject
Project("{8BC9CEB8-8B4A-11D0-8D11-00A0C91BC942}") = "lab3Cp8-7", "lab3Cp8-7\lab3Cp8-7.vcxproj", "{DE56AF73-AB55-4CC2-9ADE-609E7DCD3FBE}"
EndProject
Project("{8BC9CEB8-8B4A-11D0-8D11-00A0C91BC942}") = "lab3Cp8-8", "lab3Cp8-8\lab3Cp8-8.vcxproj", "{BD33AB03-0FD6-4433-A96A-5FB33CA13043}"
EndProject
Project("{8BC9CEB8-8B4A-11D0-8D11-00A0C91BC942}") = "lab3Cp8-9", "lab3Cp8-9\lab3Cp8-9.vcxproj", "{853CEEEB-FCE1-4F68-B970-D382C541BE27}"
EndProject
Project("{8BC9CEB8-8B4A-11D0-8D11-00A0C91BC942}") = "lab3Cp8-z10", "lab3Cp8-10\lab3Cp8-10.vcxproj", "{22406930-5C73-458F-8EB9-D506FAB34DBF}"
EndProject
Project("{8BC9CEB8-8B4A-11D0-8D11-00A0C91BC942}") = "lab3Cp8-z11", "lab3Cp8-z11\lab3Cp8-z11.vcxproj", "{3BB2BFFD-8B68-4CC9-9701-F67CD938B585}"
EndProject
Project("{8BC9CEB8-8B4A-11D0-8D11-00A0C91BC942}") = "lab3Cp8-z12", "lab3Cp8-z12\lab3Cp8-z12.vcxproj", "{FD045721-23A4-4F0A-AE6E-52DA79DC868E}"
EndProject
Project("{8BC9CEB8-8B4A-11D0-8D11-00A0C91BC942}") = "lab3Cp8-z13", "lab3Cp8-z13\lab3Cp8-z13.vcxproj", "{BFCEC808-A5BE-423A-8957-845B99577F56}"
EndProject
Global
	GlobalSection(SolutionConfigurationPlatforms) = preSolution
		Debug|x64 = Debug|x64
		Debug|x86 = Debug|x86
		Release|x64 = Release|x64
		Release|x86 = Release|x86
	EndGlobalSection
	GlobalSection(ProjectConfigurationPlatforms) = postSolution
		{6850E76D-819D-45B9-B17A-0A0FED87BC95}.Debug|x64.ActiveCfg = Debug|x64
		{6850E76D-819D-45B9-B17A-0A0FED87BC95}.Debug|x64.Build.0 = Debug|x64
		{6850E76D-819D-45B9-B17A-0A0FED87BC95}.Debug|x86.ActiveCfg = Debug|Win32
		{6850E76D-819D-45B9-B17A-0A0FED87BC95}.Debug|x86.Build.0 = Debug|Win32
		{6850E76D-819D-45B9-B17A-0A0FED87BC95}.Release|x64.ActiveCfg = Release|x64
		{6850E76D-819D-45B9-B17A-0A0FED87BC95}.Release|x64.Build.0 = Release|x64
		{6850E76D-819D-45B9-B17A-0A0FED87BC95}.Release|x86.ActiveCfg = Release|Win32
		{6850E76D-819D-45B9-B17A-0A0FED87BC95}.Release|x86.Build.0 = Release|Win32
		{6D9EFE8F-C761-48F9-9D8B-0780F79276E4}.Debug|x64.ActiveCfg = Debug|x64
		{6D9EFE8F-C761-48F9-9D8B-0780F79276E4}.Debug|x64.Build.0 = Debug|x64
		{6D9EFE8F-C761-48F9-9D8B-0780F79276E4}.Debug|x86.ActiveCfg = Debug|Win32
		{6D9EFE8F-C761-48F9-9D8B-0780F79276E4}.Debug|x86.Build.0 = Debug|Win32
		{6D9EFE8F-C761-48F9-9D8B-0780F79276E4}.Release|x64.ActiveCfg = Release|x64
		{6D9EFE8F-C761-48F9-9D8B-0780F79276E4}.Release|x64.Build.0 = Release|x64
		{6D9EFE8F-C761-48F9-9D8B-0780F79276E4}.Release|x86.ActiveCfg = Release|Win32
		{6D9EFE8F-C761-48F9-9D8B-0780F79276E4}.Release|x86.Build.0 = Release|Win32
		{DE56AF73-AB55-4CC2-9ADE-609E7DCD3FBE}.Debug|x64.ActiveCfg = Debug|x64
		{DE56AF73-AB55-4CC2-9ADE-609E7DCD3FBE}.Debug|x64.Build.0 = Debug|x64
		{DE56AF73-AB55-4CC2-9ADE-609E7DCD3FBE}.Debug|x86.ActiveCfg = Debug|Win32
		{DE56AF73-AB55-4CC2-9ADE-609E7DCD3FBE}.Debug|x86.Build.0 = Debug|Win32
		{DE56AF73-AB55-4CC2-9ADE-609E7DCD3FBE}.Release|x64.ActiveCfg = Release|x64
		{DE56AF73-AB55-4CC2-9ADE-609E7DCD3FBE}.Release|x64.Build.0 = Release|x64
		{DE56AF73-AB55-4CC2-9ADE-609E7DCD3FBE}.Release|x86.ActiveCfg = Release|Win32
		{DE56AF73-AB55-4CC2-9ADE-609E7DCD3FBE}.Release|x86.Build.0 = Release|Win32
		{BD33AB03-0FD6-4433-A96A-5FB33CA13043}.Debug|x64.ActiveCfg = Debug|x64
		{BD33AB03-0FD6-4433-A96A-5FB33CA13043}.Debug|x64.Build.0 = Debug|x64
		{BD33AB03-0FD6-4433-A96A-5FB33CA13043}.Debug|x86.ActiveCfg = Debug|Win32
		{BD33AB03-0FD6-4433-A96A-5FB33CA13043}.Debug|x86.Build.0 = Debug|Win32
		{BD33AB03-0FD6-4433-A96A-5FB33CA13043}.Release|x64.ActiveCfg = Release|x64
		{BD33AB03-0FD6-4433-A96A-5FB33CA13043}.Release|x64.Build.0 = Release|x64
		{BD33AB03-0FD6-4433-A96A-5FB33CA13043}.Release|x86.ActiveCfg = Release|Win32
		{BD33AB03-0FD6-4433-A96A-5FB33CA13043}.Release|x86.Build.0 = Release|Win32
		{853CEEEB-FCE1-4F68-B970-D382C541BE27}.Debug|x64.ActiveCfg = Debug|x64
		{853CEEEB-FCE1-4F68-B970-D382C541BE27}.Debug|x64.Build.0 = Debug|x64
		{853CEEEB-FCE1-4F68-B970-D382C541BE27}.Debug|x86.ActiveCfg = Debug|Win32
		{853CEEEB-FCE1-4F68-B970-D382C541BE27}.Debug|x86.Build.0 = Debug|Win32
		{853CEEEB-FCE1-4F68-B970-D382C541BE27}.Release|x64.ActiveCfg = Release|x64
		{853CEEEB-FCE1-4F68-B970-D382C541BE27}.Release|x64.Build.0 = Release|x64
		{853CEEEB-FCE1-4F68-B970-D382C541BE27}.Release|x86.ActiveCfg = Release|Win32
		{853CEEEB-FCE1-4F68-B970-D382C541BE27}.Release|x86.Build.0 = Release|Win32
		{22406930-5C73-458F-8EB9-D506FAB34DBF}.Debug|x64.ActiveCfg = Debug|x64
		{22406930-5C73-458F-8EB9-D506FAB34DBF}.Debug|x64.Build.0 = Debug|x64
		{22406930-5C73-458F-8EB9-D506FAB34DBF}.Debug|x86.ActiveCfg = Debug|Win32
		{22406930-5C73-458F-8EB9-D506FAB34DBF}.Debug|x86.Build.0 = Debug|Win32
		{22406930-5C73-458F-8EB9-D506FAB34DBF}.Release|x64.ActiveCfg = Release|x64
		{22406930-5C73-458F-8EB9-D506FAB34DBF}.Release|x64.Build.0 = Release|x64
		{22406930-5C73-458F-8EB9-D506FAB34DBF}.Release|x86.ActiveCfg = Release|Win32
		{22406930-5C73-458F-8EB9-D506FAB34DBF}.Release|x86.Build.0 = Release|Win32
		{3BB2BFFD-8B68-4CC9-9701-F67CD938B585}.Debug|x64.ActiveCfg = Debug|x64
		{3BB2BFFD-8B68-4CC9-9701-F67CD938B585}.Debug|x64.Build.0 = Debug|x64
		{3BB2BFFD-8B68-4CC9-9701-F67CD938B585}.Debug|x86.ActiveCfg = Debug|Win32
		{3BB2BFFD-8B68-4CC9-9701-F67CD938B585}.Debug|x86.Build.0 = Debug|Win32
		{3BB2BFFD-8B68-4CC9-9701-F67CD938B585}.Release|x64.ActiveCfg = Release|x64
		{3BB2BFFD-8B68-4CC9-9701-F67CD938B585}.Release|x64.Build.0 = Release|x64
		{3BB2BFFD-8B68-4CC9-9701-F67CD938B585}.Release|x86.ActiveCfg = Release|Win32
		{3BB2BFFD-8B68-4CC9-9701-F67CD938B585}.Release|x86.Build.0 = Release|Win32
		{FD045721-23A4-4F0A-AE6E-52DA79DC868E}.Debug|x64.ActiveCfg = Debug|x64
		{FD045721-23A4-4F0A-AE6E-52DA79DC868E}.Debug|x64.Build.0 = Debug|x64
		{FD045721-23A4-4F0A-AE6E-52DA79DC868E}.Debug|x86.ActiveCfg = Debug|Win32
		{FD045721-23A4-4F0A-AE6E-52DA79DC868E}.Debug|x86.Build.0 = Debug|Win32
		{FD045721-23A4-4F0A-AE6E-52DA79DC868E}.Release|x64.ActiveCfg = Release|x64
		{FD045721-23A4-4F0A-AE6E-52DA79DC868E}.Release|x64.Build.0 = Release|x64
		{FD045721-23A4-4F0A-AE6E-52DA79DC868E}.Release|x86.ActiveCfg = Release|Win32
		{FD045721-23A4-4F0A-AE6E-52DA79DC868E}.Release|x86.Build.0 = Release|Win32
		{BFCEC808-A5BE-423A-8957-845B99577F56}.Debug|x64.ActiveCfg = Debug|x64
		{BFCEC808-A5BE-423A-8957-845B99577F56}.Debug|x64.Build.0 = Debug|x64
		{BFCEC808-A5BE-423A-8957-845B99577F56}.Debug|x86.ActiveCfg = Debug|Win32
		{BFCEC808-A5BE-423A-8957-845B99577F56}.Debug|x86.Build.0 = Debug|Win32
		{BFCEC808-A5BE-423A-8957-845B99577F56}.Release|x64.ActiveCfg = Release|x64
		{BFCEC808-A5BE-423A-8957-845B99577F56}.Release|x64.Build.0 = Release|x64
		{BFCEC808-A5BE-423A-8957-845B99577F56}.Release|x86.ActiveCfg = Release|Win32
		{BFCEC808-A5BE-423A-8957-845B99577F56}.Release|x86.Build.0 = Release|Win32
	EndGlobalSection
	GlobalSection(SolutionProperties) = preSolution
		HideSolutionNode = FALSE
	EndGlobalSection
	GlobalSection(ExtensibilityGlobals) = postSolution
		SolutionGuid = {B730E36C-CAD2-4ABA-85FA-C6C93D388229}
	EndGlobalSection
EndGlobal
