
Microsoft Visual Studio Solution File, Format Version 12.00
# Visual Studio Version 16
VisualStudioVersion = 16.0.29230.47
MinimumVisualStudioVersion = 10.0.40219.1
Project("{8BC9CEB8-8B4A-11D0-8D11-00A0C91BC942}") = "lab2p5", "lab2p5\lab2p5.vcxproj", "{76A0B67A-C095-4DCD-9CF3-8EBCA0C226F9}"
EndProject
Global
	GlobalSection(SolutionConfigurationPlatforms) = preSolution
		Debug|x64 = Debug|x64
		Debug|x86 = Debug|x86
		Release|x64 = Release|x64
		Release|x86 = Release|x86
	EndGlobalSection
	GlobalSection(ProjectConfigurationPlatforms) = postSolution
		{76A0B67A-C095-4DCD-9CF3-8EBCA0C226F9}.Debug|x64.ActiveCfg = Debug|x64
		{76A0B67A-C095-4DCD-9CF3-8EBCA0C226F9}.Debug|x64.Build.0 = Debug|x64
		{76A0B67A-C095-4DCD-9CF3-8EBCA0C226F9}.Debug|x86.ActiveCfg = Debug|Win32
		{76A0B67A-C095-4DCD-9CF3-8EBCA0C226F9}.Debug|x86.Build.0 = Debug|Win32
		{76A0B67A-C095-4DCD-9CF3-8EBCA0C226F9}.Release|x64.ActiveCfg = Release|x64
		{76A0B67A-C095-4DCD-9CF3-8EBCA0C226F9}.Release|x64.Build.0 = Release|x64
		{76A0B67A-C095-4DCD-9CF3-8EBCA0C226F9}.Release|x86.ActiveCfg = Release|Win32
		{76A0B67A-C095-4DCD-9CF3-8EBCA0C226F9}.Release|x86.Build.0 = Release|Win32
	EndGlobalSection
	GlobalSection(SolutionProperties) = preSolution
		HideSolutionNode = FALSE
	EndGlobalSection
	GlobalSection(ExtensibilityGlobals) = postSolution
		SolutionGuid = {F86C8500-7196-475A-9212-BC7B5BE322F7}
	EndGlobalSection
EndGlobal
