
Microsoft Visual Studio Solution File, Format Version 12.00
# Visual Studio Version 16
VisualStudioVersion = 16.0.29230.47
MinimumVisualStudioVersion = 10.0.40219.1
Project("{8BC9CEB8-8B4A-11D0-8D11-00A0C91BC942}") = "lab3Cp5-1", "lab3Cp5-1\lab3Cp5-1.vcxproj", "{54FB5355-1993-4781-AEC9-3F7C7E28B36F}"
EndProject
Project("{8BC9CEB8-8B4A-11D0-8D11-00A0C91BC942}") = "lab3Cp5-2", "lab3Cp5-2\lab3Cp5-2.vcxproj", "{137A1854-D519-4B66-9D8F-D37F458F00F3}"
EndProject
Project("{8BC9CEB8-8B4A-11D0-8D11-00A0C91BC942}") = "lab3Cp5-3", "lab3Cp5-3\lab3Cp5-3.vcxproj", "{494DF95D-9A36-44A2-BFB8-854959EA605E}"
EndProject
Project("{8BC9CEB8-8B4A-11D0-8D11-00A0C91BC942}") = "lab3Cp5-4", "lab3Cp5-4\lab3Cp5-4.vcxproj", "{DE9570C2-3910-494B-9DAF-2459306EB52F}"
EndProject
Project("{8BC9CEB8-8B4A-11D0-8D11-00A0C91BC942}") = "lab3Cp5-5", "lab3Cp5-5\lab3Cp5-5.vcxproj", "{99C22E88-14FE-4F04-A7EB-91A3A450CB3D}"
EndProject
Project("{8BC9CEB8-8B4A-11D0-8D11-00A0C91BC942}") = "lab3Cp5-6", "lab3Cp5-6\lab3Cp5-6.vcxproj", "{0C470496-188D-4745-955C-9B678D4D6669}"
EndProject
Project("{8BC9CEB8-8B4A-11D0-8D11-00A0C91BC942}") = "lab3Cp5-7", "lab3Cp5-7\lab3Cp5-7.vcxproj", "{F165D5B5-0B36-4692-BCF5-C03475121D57}"
EndProject
Project("{8BC9CEB8-8B4A-11D0-8D11-00A0C91BC942}") = "lab3Cp5-8to9", "lab3Cp5-8\lab3Cp5-8.vcxproj", "{088043CC-7564-40E9-A4FC-CF70E4B19057}"
EndProject
Project("{8BC9CEB8-8B4A-11D0-8D11-00A0C91BC942}") = "lab3Cp5-z10", "lab3Cp5-10\lab3Cp5-10.vcxproj", "{60815972-8C0C-40C3-93F2-9708033F8ED8}"
EndProject
Project("{8BC9CEB8-8B4A-11D0-8D11-00A0C91BC942}") = "lab3Cp5-z11", "lab3Cp5-z11\lab3Cp5-z11.vcxproj", "{0338F5D2-696D-44E1-A0C1-F870BF3CCC67}"
EndProject
Project("{8BC9CEB8-8B4A-11D0-8D11-00A0C91BC942}") = "lab3Cp5-z13", "lab3Cp5-z12\lab3Cp5-z12.vcxproj", "{7DCC12D5-806D-48B1-B633-C70335ADF7C1}"
EndProject
Project("{8BC9CEB8-8B4A-11D0-8D11-00A0C91BC942}") = "lab3Cp5-z14", "lab3Cp5-z14\lab3Cp5-z14.vcxproj", "{A3963E9E-5413-4F33-97B7-AC41D3A056C1}"
EndProject
Project("{8BC9CEB8-8B4A-11D0-8D11-00A0C91BC942}") = "lab3Cp5-z15to16", "lab3Cp5-z15to16\lab3Cp5-z15to16.vcxproj", "{7778D0F3-43D0-4896-84D5-81ACB9F091EC}"
EndProject
Project("{8BC9CEB8-8B4A-11D0-8D11-00A0C91BC942}") = "lab3Cp5-z17", "lab3Cp5-z17\lab3Cp5-z17.vcxproj", "{F9B1DC57-F2B9-4B9B-B37E-A04F74EE013C}"
EndProject
Project("{8BC9CEB8-8B4A-11D0-8D11-00A0C91BC942}") = "lab3Cp5-z18", "lab3Cp5-z18\lab3Cp5-z18.vcxproj", "{88ED485F-88A2-4ACC-8B54-EC0DE15893BC}"
EndProject
Global
	GlobalSection(SolutionConfigurationPlatforms) = preSolution
		Debug|x64 = Debug|x64
		Debug|x86 = Debug|x86
		Release|x64 = Release|x64
		Release|x86 = Release|x86
	EndGlobalSection
	GlobalSection(ProjectConfigurationPlatforms) = postSolution
		{54FB5355-1993-4781-AEC9-3F7C7E28B36F}.Debug|x64.ActiveCfg = Debug|x64
		{54FB5355-1993-4781-AEC9-3F7C7E28B36F}.Debug|x64.Build.0 = Debug|x64
		{54FB5355-1993-4781-AEC9-3F7C7E28B36F}.Debug|x86.ActiveCfg = Debug|Win32
		{54FB5355-1993-4781-AEC9-3F7C7E28B36F}.Debug|x86.Build.0 = Debug|Win32
		{54FB5355-1993-4781-AEC9-3F7C7E28B36F}.Release|x64.ActiveCfg = Release|x64
		{54FB5355-1993-4781-AEC9-3F7C7E28B36F}.Release|x64.Build.0 = Release|x64
		{54FB5355-1993-4781-AEC9-3F7C7E28B36F}.Release|x86.ActiveCfg = Release|Win32
		{54FB5355-1993-4781-AEC9-3F7C7E28B36F}.Release|x86.Build.0 = Release|Win32
		{137A1854-D519-4B66-9D8F-D37F458F00F3}.Debug|x64.ActiveCfg = Debug|x64
		{137A1854-D519-4B66-9D8F-D37F458F00F3}.Debug|x64.Build.0 = Debug|x64
		{137A1854-D519-4B66-9D8F-D37F458F00F3}.Debug|x86.ActiveCfg = Debug|Win32
		{137A1854-D519-4B66-9D8F-D37F458F00F3}.Debug|x86.Build.0 = Debug|Win32
		{137A1854-D519-4B66-9D8F-D37F458F00F3}.Release|x64.ActiveCfg = Release|x64
		{137A1854-D519-4B66-9D8F-D37F458F00F3}.Release|x64.Build.0 = Release|x64
		{137A1854-D519-4B66-9D8F-D37F458F00F3}.Release|x86.ActiveCfg = Release|Win32
		{137A1854-D519-4B66-9D8F-D37F458F00F3}.Release|x86.Build.0 = Release|Win32
		{494DF95D-9A36-44A2-BFB8-854959EA605E}.Debug|x64.ActiveCfg = Debug|x64
		{494DF95D-9A36-44A2-BFB8-854959EA605E}.Debug|x64.Build.0 = Debug|x64
		{494DF95D-9A36-44A2-BFB8-854959EA605E}.Debug|x86.ActiveCfg = Debug|Win32
		{494DF95D-9A36-44A2-BFB8-854959EA605E}.Debug|x86.Build.0 = Debug|Win32
		{494DF95D-9A36-44A2-BFB8-854959EA605E}.Release|x64.ActiveCfg = Release|x64
		{494DF95D-9A36-44A2-BFB8-854959EA605E}.Release|x64.Build.0 = Release|x64
		{494DF95D-9A36-44A2-BFB8-854959EA605E}.Release|x86.ActiveCfg = Release|Win32
		{494DF95D-9A36-44A2-BFB8-854959EA605E}.Release|x86.Build.0 = Release|Win32
		{DE9570C2-3910-494B-9DAF-2459306EB52F}.Debug|x64.ActiveCfg = Debug|x64
		{DE9570C2-3910-494B-9DAF-2459306EB52F}.Debug|x64.Build.0 = Debug|x64
		{DE9570C2-3910-494B-9DAF-2459306EB52F}.Debug|x86.ActiveCfg = Debug|Win32
		{DE9570C2-3910-494B-9DAF-2459306EB52F}.Debug|x86.Build.0 = Debug|Win32
		{DE9570C2-3910-494B-9DAF-2459306EB52F}.Release|x64.ActiveCfg = Release|x64
		{DE9570C2-3910-494B-9DAF-2459306EB52F}.Release|x64.Build.0 = Release|x64
		{DE9570C2-3910-494B-9DAF-2459306EB52F}.Release|x86.ActiveCfg = Release|Win32
		{DE9570C2-3910-494B-9DAF-2459306EB52F}.Release|x86.Build.0 = Release|Win32
		{99C22E88-14FE-4F04-A7EB-91A3A450CB3D}.Debug|x64.ActiveCfg = Debug|x64
		{99C22E88-14FE-4F04-A7EB-91A3A450CB3D}.Debug|x64.Build.0 = Debug|x64
		{99C22E88-14FE-4F04-A7EB-91A3A450CB3D}.Debug|x86.ActiveCfg = Debug|Win32
		{99C22E88-14FE-4F04-A7EB-91A3A450CB3D}.Debug|x86.Build.0 = Debug|Win32
		{99C22E88-14FE-4F04-A7EB-91A3A450CB3D}.Release|x64.ActiveCfg = Release|x64
		{99C22E88-14FE-4F04-A7EB-91A3A450CB3D}.Release|x64.Build.0 = Release|x64
		{99C22E88-14FE-4F04-A7EB-91A3A450CB3D}.Release|x86.ActiveCfg = Release|Win32
		{99C22E88-14FE-4F04-A7EB-91A3A450CB3D}.Release|x86.Build.0 = Release|Win32
		{0C470496-188D-4745-955C-9B678D4D6669}.Debug|x64.ActiveCfg = Debug|x64
		{0C470496-188D-4745-955C-9B678D4D6669}.Debug|x64.Build.0 = Debug|x64
		{0C470496-188D-4745-955C-9B678D4D6669}.Debug|x86.ActiveCfg = Debug|Win32
		{0C470496-188D-4745-955C-9B678D4D6669}.Debug|x86.Build.0 = Debug|Win32
		{0C470496-188D-4745-955C-9B678D4D6669}.Release|x64.ActiveCfg = Release|x64
		{0C470496-188D-4745-955C-9B678D4D6669}.Release|x64.Build.0 = Release|x64
		{0C470496-188D-4745-955C-9B678D4D6669}.Release|x86.ActiveCfg = Release|Win32
		{0C470496-188D-4745-955C-9B678D4D6669}.Release|x86.Build.0 = Release|Win32
		{F165D5B5-0B36-4692-BCF5-C03475121D57}.Debug|x64.ActiveCfg = Debug|x64
		{F165D5B5-0B36-4692-BCF5-C03475121D57}.Debug|x64.Build.0 = Debug|x64
		{F165D5B5-0B36-4692-BCF5-C03475121D57}.Debug|x86.ActiveCfg = Debug|Win32
		{F165D5B5-0B36-4692-BCF5-C03475121D57}.Debug|x86.Build.0 = Debug|Win32
		{F165D5B5-0B36-4692-BCF5-C03475121D57}.Release|x64.ActiveCfg = Release|x64
		{F165D5B5-0B36-4692-BCF5-C03475121D57}.Release|x64.Build.0 = Release|x64
		{F165D5B5-0B36-4692-BCF5-C03475121D57}.Release|x86.ActiveCfg = Release|Win32
		{F165D5B5-0B36-4692-BCF5-C03475121D57}.Release|x86.Build.0 = Release|Win32
		{088043CC-7564-40E9-A4FC-CF70E4B19057}.Debug|x64.ActiveCfg = Debug|x64
		{088043CC-7564-40E9-A4FC-CF70E4B19057}.Debug|x64.Build.0 = Debug|x64
		{088043CC-7564-40E9-A4FC-CF70E4B19057}.Debug|x86.ActiveCfg = Debug|Win32
		{088043CC-7564-40E9-A4FC-CF70E4B19057}.Debug|x86.Build.0 = Debug|Win32
		{088043CC-7564-40E9-A4FC-CF70E4B19057}.Release|x64.ActiveCfg = Release|x64
		{088043CC-7564-40E9-A4FC-CF70E4B19057}.Release|x64.Build.0 = Release|x64
		{088043CC-7564-40E9-A4FC-CF70E4B19057}.Release|x86.ActiveCfg = Release|Win32
		{088043CC-7564-40E9-A4FC-CF70E4B19057}.Release|x86.Build.0 = Release|Win32
		{60815972-8C0C-40C3-93F2-9708033F8ED8}.Debug|x64.ActiveCfg = Debug|x64
		{60815972-8C0C-40C3-93F2-9708033F8ED8}.Debug|x64.Build.0 = Debug|x64
		{60815972-8C0C-40C3-93F2-9708033F8ED8}.Debug|x86.ActiveCfg = Debug|Win32
		{60815972-8C0C-40C3-93F2-9708033F8ED8}.Debug|x86.Build.0 = Debug|Win32
		{60815972-8C0C-40C3-93F2-9708033F8ED8}.Release|x64.ActiveCfg = Release|x64
		{60815972-8C0C-40C3-93F2-9708033F8ED8}.Release|x64.Build.0 = Release|x64
		{60815972-8C0C-40C3-93F2-9708033F8ED8}.Release|x86.ActiveCfg = Release|Win32
		{60815972-8C0C-40C3-93F2-9708033F8ED8}.Release|x86.Build.0 = Release|Win32
		{0338F5D2-696D-44E1-A0C1-F870BF3CCC67}.Debug|x64.ActiveCfg = Debug|x64
		{0338F5D2-696D-44E1-A0C1-F870BF3CCC67}.Debug|x64.Build.0 = Debug|x64
		{0338F5D2-696D-44E1-A0C1-F870BF3CCC67}.Debug|x86.ActiveCfg = Debug|Win32
		{0338F5D2-696D-44E1-A0C1-F870BF3CCC67}.Debug|x86.Build.0 = Debug|Win32
		{0338F5D2-696D-44E1-A0C1-F870BF3CCC67}.Release|x64.ActiveCfg = Release|x64
		{0338F5D2-696D-44E1-A0C1-F870BF3CCC67}.Release|x64.Build.0 = Release|x64
		{0338F5D2-696D-44E1-A0C1-F870BF3CCC67}.Release|x86.ActiveCfg = Release|Win32
		{0338F5D2-696D-44E1-A0C1-F870BF3CCC67}.Release|x86.Build.0 = Release|Win32
		{7DCC12D5-806D-48B1-B633-C70335ADF7C1}.Debug|x64.ActiveCfg = Debug|x64
		{7DCC12D5-806D-48B1-B633-C70335ADF7C1}.Debug|x64.Build.0 = Debug|x64
		{7DCC12D5-806D-48B1-B633-C70335ADF7C1}.Debug|x86.ActiveCfg = Debug|Win32
		{7DCC12D5-806D-48B1-B633-C70335ADF7C1}.Debug|x86.Build.0 = Debug|Win32
		{7DCC12D5-806D-48B1-B633-C70335ADF7C1}.Release|x64.ActiveCfg = Release|x64
		{7DCC12D5-806D-48B1-B633-C70335ADF7C1}.Release|x64.Build.0 = Release|x64
		{7DCC12D5-806D-48B1-B633-C70335ADF7C1}.Release|x86.ActiveCfg = Release|Win32
		{7DCC12D5-806D-48B1-B633-C70335ADF7C1}.Release|x86.Build.0 = Release|Win32
		{A3963E9E-5413-4F33-97B7-AC41D3A056C1}.Debug|x64.ActiveCfg = Debug|x64
		{A3963E9E-5413-4F33-97B7-AC41D3A056C1}.Debug|x64.Build.0 = Debug|x64
		{A3963E9E-5413-4F33-97B7-AC41D3A056C1}.Debug|x86.ActiveCfg = Debug|Win32
		{A3963E9E-5413-4F33-97B7-AC41D3A056C1}.Debug|x86.Build.0 = Debug|Win32
		{A3963E9E-5413-4F33-97B7-AC41D3A056C1}.Release|x64.ActiveCfg = Release|x64
		{A3963E9E-5413-4F33-97B7-AC41D3A056C1}.Release|x64.Build.0 = Release|x64
		{A3963E9E-5413-4F33-97B7-AC41D3A056C1}.Release|x86.ActiveCfg = Release|Win32
		{A3963E9E-5413-4F33-97B7-AC41D3A056C1}.Release|x86.Build.0 = Release|Win32
		{7778D0F3-43D0-4896-84D5-81ACB9F091EC}.Debug|x64.ActiveCfg = Debug|x64
		{7778D0F3-43D0-4896-84D5-81ACB9F091EC}.Debug|x64.Build.0 = Debug|x64
		{7778D0F3-43D0-4896-84D5-81ACB9F091EC}.Debug|x86.ActiveCfg = Debug|Win32
		{7778D0F3-43D0-4896-84D5-81ACB9F091EC}.Debug|x86.Build.0 = Debug|Win32
		{7778D0F3-43D0-4896-84D5-81ACB9F091EC}.Release|x64.ActiveCfg = Release|x64
		{7778D0F3-43D0-4896-84D5-81ACB9F091EC}.Release|x64.Build.0 = Release|x64
		{7778D0F3-43D0-4896-84D5-81ACB9F091EC}.Release|x86.ActiveCfg = Release|Win32
		{7778D0F3-43D0-4896-84D5-81ACB9F091EC}.Release|x86.Build.0 = Release|Win32
		{F9B1DC57-F2B9-4B9B-B37E-A04F74EE013C}.Debug|x64.ActiveCfg = Debug|x64
		{F9B1DC57-F2B9-4B9B-B37E-A04F74EE013C}.Debug|x64.Build.0 = Debug|x64
		{F9B1DC57-F2B9-4B9B-B37E-A04F74EE013C}.Debug|x86.ActiveCfg = Debug|Win32
		{F9B1DC57-F2B9-4B9B-B37E-A04F74EE013C}.Debug|x86.Build.0 = Debug|Win32
		{F9B1DC57-F2B9-4B9B-B37E-A04F74EE013C}.Release|x64.ActiveCfg = Release|x64
		{F9B1DC57-F2B9-4B9B-B37E-A04F74EE013C}.Release|x64.Build.0 = Release|x64
		{F9B1DC57-F2B9-4B9B-B37E-A04F74EE013C}.Release|x86.ActiveCfg = Release|Win32
		{F9B1DC57-F2B9-4B9B-B37E-A04F74EE013C}.Release|x86.Build.0 = Release|Win32
		{88ED485F-88A2-4ACC-8B54-EC0DE15893BC}.Debug|x64.ActiveCfg = Debug|x64
		{88ED485F-88A2-4ACC-8B54-EC0DE15893BC}.Debug|x64.Build.0 = Debug|x64
		{88ED485F-88A2-4ACC-8B54-EC0DE15893BC}.Debug|x86.ActiveCfg = Debug|Win32
		{88ED485F-88A2-4ACC-8B54-EC0DE15893BC}.Debug|x86.Build.0 = Debug|Win32
		{88ED485F-88A2-4ACC-8B54-EC0DE15893BC}.Release|x64.ActiveCfg = Release|x64
		{88ED485F-88A2-4ACC-8B54-EC0DE15893BC}.Release|x64.Build.0 = Release|x64
		{88ED485F-88A2-4ACC-8B54-EC0DE15893BC}.Release|x86.ActiveCfg = Release|Win32
		{88ED485F-88A2-4ACC-8B54-EC0DE15893BC}.Release|x86.Build.0 = Release|Win32
	EndGlobalSection
	GlobalSection(SolutionProperties) = preSolution
		HideSolutionNode = FALSE
	EndGlobalSection
	GlobalSection(ExtensibilityGlobals) = postSolution
		SolutionGuid = {2449C480-0146-48E3-A3B9-5D74F3AA488B}
	EndGlobalSection
EndGlobal
